
Microsoft Visual Studio Solution File, Format Version 12.00
# Visual Studio 2013
VisualStudioVersion = 12.0.31101.0
MinimumVisualStudioVersion = 10.0.40219.1
Project("{FAE04EC0-301F-11D3-BF4B-00C04F79EFBC}") = "Mintcode.TuoTuo.v2", "Mintcode.TuoTuo.v2\Mintcode.TuoTuo.v2.csproj", "{CF355826-A0EC-4E79-B1E8-FA1E672F3CF4}"
EndProject
Project("{2150E333-8FDC-42A3-9474-1A3956D46DE8}") = "01 WebApp", "01 WebApp", "{E35321EC-BB66-4691-AD94-10BE09B4D36D}"
EndProject
Project("{2150E333-8FDC-42A3-9474-1A3956D46DE8}") = "02 WebApi", "02 WebApi", "{196E471E-F368-4BA2-B5FB-10295058E5AF}"
EndProject
Project("{2150E333-8FDC-42A3-9474-1A3956D46DE8}") = "03 Bussiness Logic", "03 Bussiness Logic", "{3E8EF686-44EB-4523-9650-9660C96C6B00}"
EndProject
Project("{2150E333-8FDC-42A3-9474-1A3956D46DE8}") = "05 Core", "05 Core", "{EED3199E-9F5B-438E-9A7E-B82A6F1244BD}"
EndProject
Project("{2150E333-8FDC-42A3-9474-1A3956D46DE8}") = "04 ORM", "04 ORM", "{5E8C5A39-56AA-44A6-824A-B0FE094EBB70}"
EndProject
Project("{FAE04EC0-301F-11D3-BF4B-00C04F79EFBC}") = "Mintcode.TuoTuo.v2.Webapi", "Mintcode.TuoTuo.v2.Webapi\Mintcode.TuoTuo.v2.Webapi.csproj", "{51A250FE-E7B6-4B4D-8E3E-A37C7BDC9397}"
EndProject
Project("{FAE04EC0-301F-11D3-BF4B-00C04F79EFBC}") = "Mintcode.TuoTuo.v2.IRepository", "Mintcode.TuoTuo.v2.IRepository\Mintcode.TuoTuo.v2.IRepository.csproj", "{04DA3812-7C40-4BD0-AEF6-B6C27F7B1DA7}"
EndProject
Project("{FAE04EC0-301F-11D3-BF4B-00C04F79EFBC}") = "Mintcode.TuoTuo.v2.Repository", "Mintcode.TuoTuo.v2.Repository\Mintcode.TuoTuo.v2.Repository.csproj", "{F449E709-5A22-4AA8-9201-49D143C28712}"
EndProject
Project("{FAE04EC0-301F-11D3-BF4B-00C04F79EFBC}") = "Mintcode.TuoTuo.v2.Infrastructure", "Mintcode.TuoTuo.v2.Infrastructure\Mintcode.TuoTuo.v2.Infrastructure.csproj", "{2847817D-B850-47FA-8722-3B7D8A5594D7}"
EndProject
Project("{FAE04EC0-301F-11D3-BF4B-00C04F79EFBC}") = "Mintcode.Zeus.Public.Data", "Mintcode.Zeus.Public.Data\Mintcode.Zeus.Public.Data.csproj", "{46A471C9-4ABE-4897-8234-352A698838E3}"
EndProject
Project("{2150E333-8FDC-42A3-9474-1A3956D46DE8}") = "06 Tests", "06 Tests", "{89ABBF8D-AC8A-4956-96F0-EA2E7CB1CFFF}"
EndProject
Project("{FAE04EC0-301F-11D3-BF4B-00C04F79EFBC}") = "Mintcode.TuoTuo.v2.SelfHost", "Mintcode.TuoTuo.v2.SelfHost\Mintcode.TuoTuo.v2.SelfHost.csproj", "{CD98E304-D2C8-463D-8B0C-0D6F61B87541}"
EndProject
Project("{FAE04EC0-301F-11D3-BF4B-00C04F79EFBC}") = "Mintcode.TuoTuo.v2.Unit", "Mintcode.TuoTuo.v2.Unit\Mintcode.TuoTuo.v2.Unit.csproj", "{6BC87A25-7781-4D2F-AAA5-B5A21EB50C0F}"
EndProject
Project("{2150E333-8FDC-42A3-9474-1A3956D46DE8}") = ".nuget", ".nuget", "{5A18DDAD-9701-4BE9-AFBD-80138DC1A705}"
	ProjectSection(SolutionItems) = preProject
		.nuget\packages.config = .nuget\packages.config
	EndProjectSection
EndProject
Project("{FAE04EC0-301F-11D3-BF4B-00C04F79EFBC}") = "Mintcode.TuoTuo.v2.Model", "Mintcode.TuoTuo.v2.Model\Mintcode.TuoTuo.v2.Model.csproj", "{01F41897-D330-4195-8E80-25B18B8EADC7}"
EndProject
Project("{FAE04EC0-301F-11D3-BF4B-00C04F79EFBC}") = "Mintcode.TuoTuo.v2.BLL", "Mintcode.TuoTuo.v2.BLL\Mintcode.TuoTuo.v2.BLL.csproj", "{B1B6A392-D8FC-491C-A585-94F8DC63BFC1}"
EndProject
Project("{FAE04EC0-301F-11D3-BF4B-00C04F79EFBC}") = "Mintcode.TuoTuo.v2.AutoMapper", "Mintcode.TuoTuo.v2.AutoMapper\Mintcode.TuoTuo.v2.AutoMapper.csproj", "{6CA75E1A-AA6D-4B52-9182-1C4FA30E1E98}"
EndProject
Project("{FAE04EC0-301F-11D3-BF4B-00C04F79EFBC}") = "Mintcode.TuoTuo.v2.nUnit", "Mintcode.TuoTuo.v2.nUnit\Mintcode.TuoTuo.v2.nUnit.csproj", "{C364A3C7-F92B-4865-ADEA-9E6767A8756C}"
EndProject
Project("{2150E333-8FDC-42A3-9474-1A3956D46DE8}") = "07 DataBase", "07 DataBase", "{F8633DAD-7492-48ED-A242-731452C83A3D}"
	ProjectSection(SolutionItems) = preProject
		Database\tuotuo.v2.log.psc = Database\tuotuo.v2.log.psc
		Database\TuoTuo.v2.pdb = Database\TuoTuo.v2.pdb
		Database\TuoTuo.v2.pdm = Database\TuoTuo.v2.pdm
		Database\tuotuo.v2.psc = Database\tuotuo.v2.psc
	EndProjectSection
EndProject
Project("{FAE04EC0-301F-11D3-BF4B-00C04F79EFBC}") = "Mintcode.TuoTuo.v2.Owin", "Mintcode.TuoTuo.v2.Owin\Mintcode.TuoTuo.v2.Owin.csproj", "{76E46BB1-AC1C-4B35-ABF5-1C954899913A}"
EndProject
Project("{FAE04EC0-301F-11D3-BF4B-00C04F79EFBC}") = "Mintcode.TuoTuo.v2.Migrations", "Mintcode.TuoTuo.v2.Migrations\Mintcode.TuoTuo.v2.Migrations.csproj", "{1A7E61B1-B26E-498A-8439-5190A49ECBA9}"
EndProject
Project("{FAE04EC0-301F-11D3-BF4B-00C04F79EFBC}") = "Mintcode.TuoTuo.v2.DFS", "Mintcode.TuoTuo.v2.DFS\Mintcode.TuoTuo.v2.DFS.csproj", "{916A5E97-87BE-4C52-B000-CD050B979F0B}"
EndProject
Project("{FAE04EC0-301F-11D3-BF4B-00C04F79EFBC}") = "Mintcode.TuoTuo.v2.FluentValidation", "Mintcode.TuoTuo.v2.FluentValidation\Mintcode.TuoTuo.v2.FluentValidation.csproj", "{712D8F6A-9160-4F41-8C31-7665758EA348}"
EndProject
Project("{FAE04EC0-301F-11D3-BF4B-00C04F79EFBC}") = "Mintcode.TuoTuo.v2.Common", "Mintcode.TuoTuo.v2.Common\Mintcode.TuoTuo.v2.Common.csproj", "{2C804388-3CA5-4C30-8C77-DBC60AD1434B}"
EndProject
Project("{FAE04EC0-301F-11D3-BF4B-00C04F79EFBC}") = "Mintcode.TuoTuo.v2.Webapi.Identity", "Mintcode.TuoTuo.v2.Webapi.Identity\Mintcode.TuoTuo.v2.Webapi.Identity.csproj", "{5721A6E7-47E3-4844-ADC4-C4F9DFEE2EA0}"
EndProject
Global
	GlobalSection(SolutionConfigurationPlatforms) = preSolution
		Debug|Any CPU = Debug|Any CPU
		Mono-Debug|Any CPU = Mono-Debug|Any CPU
		Release|Any CPU = Release|Any CPU
	EndGlobalSection
	GlobalSection(ProjectConfigurationPlatforms) = postSolution
		{CF355826-A0EC-4E79-B1E8-FA1E672F3CF4}.Debug|Any CPU.ActiveCfg = Debug|Any CPU
		{CF355826-A0EC-4E79-B1E8-FA1E672F3CF4}.Debug|Any CPU.Build.0 = Debug|Any CPU
		{CF355826-A0EC-4E79-B1E8-FA1E672F3CF4}.Mono-Debug|Any CPU.ActiveCfg = Debug|Any CPU
		{CF355826-A0EC-4E79-B1E8-FA1E672F3CF4}.Mono-Debug|Any CPU.Build.0 = Debug|Any CPU
		{CF355826-A0EC-4E79-B1E8-FA1E672F3CF4}.Release|Any CPU.ActiveCfg = Release|Any CPU
		{CF355826-A0EC-4E79-B1E8-FA1E672F3CF4}.Release|Any CPU.Build.0 = Release|Any CPU
		{51A250FE-E7B6-4B4D-8E3E-A37C7BDC9397}.Debug|Any CPU.ActiveCfg = Debug|Any CPU
		{51A250FE-E7B6-4B4D-8E3E-A37C7BDC9397}.Debug|Any CPU.Build.0 = Debug|Any CPU
		{51A250FE-E7B6-4B4D-8E3E-A37C7BDC9397}.Mono-Debug|Any CPU.ActiveCfg = Debug|Any CPU
		{51A250FE-E7B6-4B4D-8E3E-A37C7BDC9397}.Mono-Debug|Any CPU.Build.0 = Debug|Any CPU
		{51A250FE-E7B6-4B4D-8E3E-A37C7BDC9397}.Release|Any CPU.ActiveCfg = Release|Any CPU
		{51A250FE-E7B6-4B4D-8E3E-A37C7BDC9397}.Release|Any CPU.Build.0 = Release|Any CPU
		{04DA3812-7C40-4BD0-AEF6-B6C27F7B1DA7}.Debug|Any CPU.ActiveCfg = Debug|Any CPU
		{04DA3812-7C40-4BD0-AEF6-B6C27F7B1DA7}.Debug|Any CPU.Build.0 = Debug|Any CPU
		{04DA3812-7C40-4BD0-AEF6-B6C27F7B1DA7}.Mono-Debug|Any CPU.ActiveCfg = Debug|Any CPU
		{04DA3812-7C40-4BD0-AEF6-B6C27F7B1DA7}.Mono-Debug|Any CPU.Build.0 = Debug|Any CPU
		{04DA3812-7C40-4BD0-AEF6-B6C27F7B1DA7}.Release|Any CPU.ActiveCfg = Release|Any CPU
		{04DA3812-7C40-4BD0-AEF6-B6C27F7B1DA7}.Release|Any CPU.Build.0 = Release|Any CPU
		{F449E709-5A22-4AA8-9201-49D143C28712}.Debug|Any CPU.ActiveCfg = Debug|Any CPU
		{F449E709-5A22-4AA8-9201-49D143C28712}.Debug|Any CPU.Build.0 = Debug|Any CPU
		{F449E709-5A22-4AA8-9201-49D143C28712}.Mono-Debug|Any CPU.ActiveCfg = Debug|Any CPU
		{F449E709-5A22-4AA8-9201-49D143C28712}.Mono-Debug|Any CPU.Build.0 = Debug|Any CPU
		{F449E709-5A22-4AA8-9201-49D143C28712}.Release|Any CPU.ActiveCfg = Release|Any CPU
		{F449E709-5A22-4AA8-9201-49D143C28712}.Release|Any CPU.Build.0 = Release|Any CPU
		{2847817D-B850-47FA-8722-3B7D8A5594D7}.Debug|Any CPU.ActiveCfg = Debug|Any CPU
		{2847817D-B850-47FA-8722-3B7D8A5594D7}.Debug|Any CPU.Build.0 = Debug|Any CPU
		{2847817D-B850-47FA-8722-3B7D8A5594D7}.Mono-Debug|Any CPU.ActiveCfg = Debug|Any CPU
		{2847817D-B850-47FA-8722-3B7D8A5594D7}.Mono-Debug|Any CPU.Build.0 = Debug|Any CPU
		{2847817D-B850-47FA-8722-3B7D8A5594D7}.Release|Any CPU.ActiveCfg = Release|Any CPU
		{2847817D-B850-47FA-8722-3B7D8A5594D7}.Release|Any CPU.Build.0 = Release|Any CPU
		{46A471C9-4ABE-4897-8234-352A698838E3}.Debug|Any CPU.ActiveCfg = Debug|Any CPU
		{46A471C9-4ABE-4897-8234-352A698838E3}.Debug|Any CPU.Build.0 = Debug|Any CPU
		{46A471C9-4ABE-4897-8234-352A698838E3}.Mono-Debug|Any CPU.ActiveCfg = Debug|Any CPU
		{46A471C9-4ABE-4897-8234-352A698838E3}.Mono-Debug|Any CPU.Build.0 = Debug|Any CPU
		{46A471C9-4ABE-4897-8234-352A698838E3}.Release|Any CPU.ActiveCfg = Release|Any CPU
		{46A471C9-4ABE-4897-8234-352A698838E3}.Release|Any CPU.Build.0 = Release|Any CPU
		{CD98E304-D2C8-463D-8B0C-0D6F61B87541}.Debug|Any CPU.ActiveCfg = Debug|Any CPU
		{CD98E304-D2C8-463D-8B0C-0D6F61B87541}.Debug|Any CPU.Build.0 = Debug|Any CPU
		{CD98E304-D2C8-463D-8B0C-0D6F61B87541}.Mono-Debug|Any CPU.ActiveCfg = Debug|Any CPU
		{CD98E304-D2C8-463D-8B0C-0D6F61B87541}.Mono-Debug|Any CPU.Build.0 = Debug|Any CPU
		{CD98E304-D2C8-463D-8B0C-0D6F61B87541}.Release|Any CPU.ActiveCfg = Release|Any CPU
		{CD98E304-D2C8-463D-8B0C-0D6F61B87541}.Release|Any CPU.Build.0 = Release|Any CPU
		{6BC87A25-7781-4D2F-AAA5-B5A21EB50C0F}.Debug|Any CPU.ActiveCfg = Debug|Any CPU
		{6BC87A25-7781-4D2F-AAA5-B5A21EB50C0F}.Debug|Any CPU.Build.0 = Debug|Any CPU
		{6BC87A25-7781-4D2F-AAA5-B5A21EB50C0F}.Mono-Debug|Any CPU.ActiveCfg = Debug|Any CPU
		{6BC87A25-7781-4D2F-AAA5-B5A21EB50C0F}.Mono-Debug|Any CPU.Build.0 = Debug|Any CPU
		{6BC87A25-7781-4D2F-AAA5-B5A21EB50C0F}.Release|Any CPU.ActiveCfg = Release|Any CPU
		{6BC87A25-7781-4D2F-AAA5-B5A21EB50C0F}.Release|Any CPU.Build.0 = Release|Any CPU
		{01F41897-D330-4195-8E80-25B18B8EADC7}.Debug|Any CPU.ActiveCfg = Debug|Any CPU
		{01F41897-D330-4195-8E80-25B18B8EADC7}.Debug|Any CPU.Build.0 = Debug|Any CPU
		{01F41897-D330-4195-8E80-25B18B8EADC7}.Mono-Debug|Any CPU.ActiveCfg = Debug|Any CPU
		{01F41897-D330-4195-8E80-25B18B8EADC7}.Mono-Debug|Any CPU.Build.0 = Debug|Any CPU
		{01F41897-D330-4195-8E80-25B18B8EADC7}.Release|Any CPU.ActiveCfg = Release|Any CPU
		{01F41897-D330-4195-8E80-25B18B8EADC7}.Release|Any CPU.Build.0 = Release|Any CPU
		{B1B6A392-D8FC-491C-A585-94F8DC63BFC1}.Debug|Any CPU.ActiveCfg = Debug|Any CPU
		{B1B6A392-D8FC-491C-A585-94F8DC63BFC1}.Debug|Any CPU.Build.0 = Debug|Any CPU
		{B1B6A392-D8FC-491C-A585-94F8DC63BFC1}.Mono-Debug|Any CPU.ActiveCfg = Debug|Any CPU
		{B1B6A392-D8FC-491C-A585-94F8DC63BFC1}.Mono-Debug|Any CPU.Build.0 = Debug|Any CPU
		{B1B6A392-D8FC-491C-A585-94F8DC63BFC1}.Release|Any CPU.ActiveCfg = Release|Any CPU
		{B1B6A392-D8FC-491C-A585-94F8DC63BFC1}.Release|Any CPU.Build.0 = Release|Any CPU
		{6CA75E1A-AA6D-4B52-9182-1C4FA30E1E98}.Debug|Any CPU.ActiveCfg = Debug|Any CPU
		{6CA75E1A-AA6D-4B52-9182-1C4FA30E1E98}.Debug|Any CPU.Build.0 = Debug|Any CPU
		{6CA75E1A-AA6D-4B52-9182-1C4FA30E1E98}.Mono-Debug|Any CPU.ActiveCfg = Debug|Any CPU
		{6CA75E1A-AA6D-4B52-9182-1C4FA30E1E98}.Mono-Debug|Any CPU.Build.0 = Debug|Any CPU
		{6CA75E1A-AA6D-4B52-9182-1C4FA30E1E98}.Release|Any CPU.ActiveCfg = Release|Any CPU
		{6CA75E1A-AA6D-4B52-9182-1C4FA30E1E98}.Release|Any CPU.Build.0 = Release|Any CPU
		{C364A3C7-F92B-4865-ADEA-9E6767A8756C}.Debug|Any CPU.ActiveCfg = Debug|Any CPU
		{C364A3C7-F92B-4865-ADEA-9E6767A8756C}.Debug|Any CPU.Build.0 = Debug|Any CPU
		{C364A3C7-F92B-4865-ADEA-9E6767A8756C}.Mono-Debug|Any CPU.ActiveCfg = Debug|Any CPU
		{C364A3C7-F92B-4865-ADEA-9E6767A8756C}.Mono-Debug|Any CPU.Build.0 = Debug|Any CPU
		{C364A3C7-F92B-4865-ADEA-9E6767A8756C}.Release|Any CPU.ActiveCfg = Release|Any CPU
		{C364A3C7-F92B-4865-ADEA-9E6767A8756C}.Release|Any CPU.Build.0 = Release|Any CPU
		{76E46BB1-AC1C-4B35-ABF5-1C954899913A}.Debug|Any CPU.ActiveCfg = Debug|Any CPU
		{76E46BB1-AC1C-4B35-ABF5-1C954899913A}.Debug|Any CPU.Build.0 = Debug|Any CPU
		{76E46BB1-AC1C-4B35-ABF5-1C954899913A}.Mono-Debug|Any CPU.ActiveCfg = Debug|Any CPU
		{76E46BB1-AC1C-4B35-ABF5-1C954899913A}.Mono-Debug|Any CPU.Build.0 = Debug|Any CPU
		{76E46BB1-AC1C-4B35-ABF5-1C954899913A}.Release|Any CPU.ActiveCfg = Release|Any CPU
		{76E46BB1-AC1C-4B35-ABF5-1C954899913A}.Release|Any CPU.Build.0 = Release|Any CPU
		{1A7E61B1-B26E-498A-8439-5190A49ECBA9}.Debug|Any CPU.ActiveCfg = Debug|Any CPU
		{1A7E61B1-B26E-498A-8439-5190A49ECBA9}.Debug|Any CPU.Build.0 = Debug|Any CPU
		{1A7E61B1-B26E-498A-8439-5190A49ECBA9}.Mono-Debug|Any CPU.ActiveCfg = Debug|Any CPU
		{1A7E61B1-B26E-498A-8439-5190A49ECBA9}.Mono-Debug|Any CPU.Build.0 = Debug|Any CPU
		{1A7E61B1-B26E-498A-8439-5190A49ECBA9}.Release|Any CPU.ActiveCfg = Release|Any CPU
		{1A7E61B1-B26E-498A-8439-5190A49ECBA9}.Release|Any CPU.Build.0 = Release|Any CPU
		{916A5E97-87BE-4C52-B000-CD050B979F0B}.Debug|Any CPU.ActiveCfg = Debug|Any CPU
		{916A5E97-87BE-4C52-B000-CD050B979F0B}.Debug|Any CPU.Build.0 = Debug|Any CPU
		{916A5E97-87BE-4C52-B000-CD050B979F0B}.Mono-Debug|Any CPU.ActiveCfg = Debug|Any CPU
		{916A5E97-87BE-4C52-B000-CD050B979F0B}.Mono-Debug|Any CPU.Build.0 = Debug|Any CPU
		{916A5E97-87BE-4C52-B000-CD050B979F0B}.Release|Any CPU.ActiveCfg = Release|Any CPU
		{916A5E97-87BE-4C52-B000-CD050B979F0B}.Release|Any CPU.Build.0 = Release|Any CPU
		{712D8F6A-9160-4F41-8C31-7665758EA348}.Debug|Any CPU.ActiveCfg = Debug|Any CPU
		{712D8F6A-9160-4F41-8C31-7665758EA348}.Debug|Any CPU.Build.0 = Debug|Any CPU
		{712D8F6A-9160-4F41-8C31-7665758EA348}.Mono-Debug|Any CPU.ActiveCfg = Debug|Any CPU
		{712D8F6A-9160-4F41-8C31-7665758EA348}.Mono-Debug|Any CPU.Build.0 = Debug|Any CPU
		{712D8F6A-9160-4F41-8C31-7665758EA348}.Release|Any CPU.ActiveCfg = Release|Any CPU
		{712D8F6A-9160-4F41-8C31-7665758EA348}.Release|Any CPU.Build.0 = Release|Any CPU
		{2C804388-3CA5-4C30-8C77-DBC60AD1434B}.Debug|Any CPU.ActiveCfg = Debug|Any CPU
		{2C804388-3CA5-4C30-8C77-DBC60AD1434B}.Debug|Any CPU.Build.0 = Debug|Any CPU
		{2C804388-3CA5-4C30-8C77-DBC60AD1434B}.Mono-Debug|Any CPU.ActiveCfg = Debug|Any CPU
		{2C804388-3CA5-4C30-8C77-DBC60AD1434B}.Mono-Debug|Any CPU.Build.0 = Debug|Any CPU
		{2C804388-3CA5-4C30-8C77-DBC60AD1434B}.Release|Any CPU.ActiveCfg = Release|Any CPU
		{2C804388-3CA5-4C30-8C77-DBC60AD1434B}.Release|Any CPU.Build.0 = Release|Any CPU
		{5721A6E7-47E3-4844-ADC4-C4F9DFEE2EA0}.Debug|Any CPU.ActiveCfg = Debug|Any CPU
		{5721A6E7-47E3-4844-ADC4-C4F9DFEE2EA0}.Debug|Any CPU.Build.0 = Debug|Any CPU
		{5721A6E7-47E3-4844-ADC4-C4F9DFEE2EA0}.Mono-Debug|Any CPU.ActiveCfg = Debug|Any CPU
		{5721A6E7-47E3-4844-ADC4-C4F9DFEE2EA0}.Mono-Debug|Any CPU.Build.0 = Debug|Any CPU
		{5721A6E7-47E3-4844-ADC4-C4F9DFEE2EA0}.Release|Any CPU.ActiveCfg = Release|Any CPU
		{5721A6E7-47E3-4844-ADC4-C4F9DFEE2EA0}.Release|Any CPU.Build.0 = Release|Any CPU
	EndGlobalSection
	GlobalSection(SolutionProperties) = preSolution
		HideSolutionNode = FALSE
	EndGlobalSection
	GlobalSection(NestedProjects) = preSolution
		{CF355826-A0EC-4E79-B1E8-FA1E672F3CF4} = {E35321EC-BB66-4691-AD94-10BE09B4D36D}
		{51A250FE-E7B6-4B4D-8E3E-A37C7BDC9397} = {196E471E-F368-4BA2-B5FB-10295058E5AF}
		{04DA3812-7C40-4BD0-AEF6-B6C27F7B1DA7} = {3E8EF686-44EB-4523-9650-9660C96C6B00}
		{F449E709-5A22-4AA8-9201-49D143C28712} = {3E8EF686-44EB-4523-9650-9660C96C6B00}
		{2847817D-B850-47FA-8722-3B7D8A5594D7} = {EED3199E-9F5B-438E-9A7E-B82A6F1244BD}
		{46A471C9-4ABE-4897-8234-352A698838E3} = {EED3199E-9F5B-438E-9A7E-B82A6F1244BD}
		{CD98E304-D2C8-463D-8B0C-0D6F61B87541} = {E35321EC-BB66-4691-AD94-10BE09B4D36D}
		{6BC87A25-7781-4D2F-AAA5-B5A21EB50C0F} = {89ABBF8D-AC8A-4956-96F0-EA2E7CB1CFFF}
		{01F41897-D330-4195-8E80-25B18B8EADC7} = {5E8C5A39-56AA-44A6-824A-B0FE094EBB70}
		{B1B6A392-D8FC-491C-A585-94F8DC63BFC1} = {5E8C5A39-56AA-44A6-824A-B0FE094EBB70}
		{6CA75E1A-AA6D-4B52-9182-1C4FA30E1E98} = {196E471E-F368-4BA2-B5FB-10295058E5AF}
		{C364A3C7-F92B-4865-ADEA-9E6767A8756C} = {89ABBF8D-AC8A-4956-96F0-EA2E7CB1CFFF}
		{76E46BB1-AC1C-4B35-ABF5-1C954899913A} = {E35321EC-BB66-4691-AD94-10BE09B4D36D}
		{1A7E61B1-B26E-498A-8439-5190A49ECBA9} = {5E8C5A39-56AA-44A6-824A-B0FE094EBB70}
		{916A5E97-87BE-4C52-B000-CD050B979F0B} = {EED3199E-9F5B-438E-9A7E-B82A6F1244BD}
		{712D8F6A-9160-4F41-8C31-7665758EA348} = {196E471E-F368-4BA2-B5FB-10295058E5AF}
		{2C804388-3CA5-4C30-8C77-DBC60AD1434B} = {EED3199E-9F5B-438E-9A7E-B82A6F1244BD}
		{5721A6E7-47E3-4844-ADC4-C4F9DFEE2EA0} = {196E471E-F368-4BA2-B5FB-10295058E5AF}
	EndGlobalSection
EndGlobal
